{
  "name": "google-search-clone",
  "version": "1.0.0",
  "lockfileVersion": 3,
  "requires": true,
  "packages": {
    "": {
      "name": "google-search-clone",
      "version": "1.0.0",
      "dependencies": {
        "material-icons": "^1.13.13"
      }
    },
    "node_modules/material-icons": {
      "version": "1.13.13",
      "resolved": "https://registry.npmjs.org/material-icons/-/material-icons-1.13.13.tgz",
      "integrity": "sha512-jYh0VkYvsYfArOIB1LqmmoXiONBk5YaIf0f8b5pTNQdVDl4b7htoqXuQF7G03fqFQpwvv1FcMdQ1rrLWd9ftWg==",
      "license": "Apache-2.0"
    }
  }
}
